// !$*UTF8*$!
{
	archiveVersion = 1;
	classes = {
	};
	objectVersion = 50;
	objects = {

/* Begin PBXBuildFile section */
		C11E320620C8576800A343E3 /* main.cpp in Sources */ = {isa = PBXBuildFile; fileRef = C11E320520C8576800A343E3 /* main.cpp */; };
/* End PBXBuildFile section */

/* Begin PBXCopyFilesBuildPhase section */
		C11E320020C8576800A343E3 /* CopyFiles */ = {
			isa = PBXCopyFilesBuildPhase;
			buildActionMask = 2147483647;
			dstPath = /usr/share/man/man1/;
			dstSubfolderSpec = 0;
			files = (
			);
			runOnlyForDeploymentPostprocessing = 1;
		};
/* End PBXCopyFilesBuildPhase section */

/* Begin PBXFileReference section */
		C11E320220C8576800A343E3 /* EigenExamples */ = {isa = PBXFileReference; explicitFileType = "compiled.mach-o.executable"; includeInIndex = 0; path = EigenExamples; sourceTree = BUILT_PRODUCTS_DIR; };
		C11E320520C8576800A343E3 /* main.cpp */ = {isa = PBXFileReference; lastKnownFileType = sourcecode.cpp.cpp; path = main.cpp; sourceTree = "<group>"; };
		C11E320C20C857A100A343E3 /* IterativeLinearSolvers */ = {isa = PBXFileReference; fileEncoding = 4; lastKnownFileType = text; path = IterativeLinearSolvers; sourceTree = "<group>"; };
		C11E320D20C857A200A343E3 /* Geometry */ = {isa = PBXFileReference; fileEncoding = 4; lastKnownFileType = text; path = Geometry; sourceTree = "<group>"; };
		C11E320E20C857A200A343E3 /* SparseCore */ = {isa = PBXFileReference; fileEncoding = 4; lastKnownFileType = text; path = SparseCore; sourceTree = "<group>"; };
		C11E320F20C857A200A343E3 /* Jacobi */ = {isa = PBXFileReference; fileEncoding = 4; lastKnownFileType = text; path = Jacobi; sourceTree = "<group>"; };
		C11E321020C857A200A343E3 /* OrderingMethods */ = {isa = PBXFileReference; fileEncoding = 4; lastKnownFileType = text; path = OrderingMethods; sourceTree = "<group>"; };
		C11E321120C857A200A343E3 /* StdList */ = {isa = PBXFileReference; fileEncoding = 4; lastKnownFileType = text; path = StdList; sourceTree = "<group>"; };
		C11E321220C857A200A343E3 /* Core */ = {isa = PBXFileReference; fileEncoding = 4; lastKnownFileType = text; path = Core; sourceTree = "<group>"; };
		C11E321320C857A200A343E3 /* LU */ = {isa = PBXFileReference; fileEncoding = 4; lastKnownFileType = text; path = LU; sourceTree = "<group>"; };
		C11E321420C857A200A343E3 /* MetisSupport */ = {isa = PBXFileReference; fileEncoding = 4; lastKnownFileType = text; path = MetisSupport; sourceTree = "<group>"; };
		C11E321520C857A200A343E3 /* SPQRSupport */ = {isa = PBXFileReference; fileEncoding = 4; lastKnownFileType = text; path = SPQRSupport; sourceTree = "<group>"; };
		C11E321620C857A200A343E3 /* UmfPackSupport */ = {isa = PBXFileReference; fileEncoding = 4; lastKnownFileType = text; path = UmfPackSupport; sourceTree = "<group>"; };
		C11E321720C857A200A343E3 /* CholmodSupport */ = {isa = PBXFileReference; fileEncoding = 4; lastKnownFileType = text; path = CholmodSupport; sourceTree = "<group>"; };
		C11E321820C857A200A343E3 /* Householder */ = {isa = PBXFileReference; fileEncoding = 4; lastKnownFileType = text; path = Householder; sourceTree = "<group>"; };
		C11E321920C857A200A343E3 /* SuperLUSupport */ = {isa = PBXFileReference; fileEncoding = 4; lastKnownFileType = text; path = SuperLUSupport; sourceTree = "<group>"; };
		C11E321A20C857A200A343E3 /* Eigenvalues */ = {isa = PBXFileReference; fileEncoding = 4; lastKnownFileType = text; path = Eigenvalues; sourceTree = "<group>"; };
		C11E321B20C857A200A343E3 /* Sparse */ = {isa = PBXFileReference; fileEncoding = 4; lastKnownFileType = text; path = Sparse; sourceTree = "<group>"; };
		C11E321C20C857A300A343E3 /* SparseQR */ = {isa = PBXFileReference; fileEncoding = 4; lastKnownFileType = text; path = SparseQR; sourceTree = "<group>"; };
		C11E321D20C857A300A343E3 /* Cholesky */ = {isa = PBXFileReference; fileEncoding = 4; lastKnownFileType = text; path = Cholesky; sourceTree = "<group>"; };
		C11E321E20C857A300A343E3 /* StdDeque */ = {isa = PBXFileReference; fileEncoding = 4; lastKnownFileType = text; path = StdDeque; sourceTree = "<group>"; };
		C11E321F20C857A300A343E3 /* QR */ = {isa = PBXFileReference; fileEncoding = 4; lastKnownFileType = text; path = QR; sourceTree = "<group>"; };
		C11E322020C857A300A343E3 /* StdVector */ = {isa = PBXFileReference; fileEncoding = 4; lastKnownFileType = text; path = StdVector; sourceTree = "<group>"; };
		C11E322120C857A300A343E3 /* SVD */ = {isa = PBXFileReference; fileEncoding = 4; lastKnownFileType = text; path = SVD; sourceTree = "<group>"; };
		C11E322220C857A300A343E3 /* Dense */ = {isa = PBXFileReference; fileEncoding = 4; lastKnownFileType = text; path = Dense; sourceTree = "<group>"; };
		C11E322320C857A300A343E3 /* QtAlignedMalloc */ = {isa = PBXFileReference; fileEncoding = 4; lastKnownFileType = text; path = QtAlignedMalloc; sourceTree = "<group>"; };
		C11E322420C857A300A343E3 /* PaStiXSupport */ = {isa = PBXFileReference; fileEncoding = 4; lastKnownFileType = text; path = PaStiXSupport; sourceTree = "<group>"; };
		C11E322520C857A300A343E3 /* SparseCholesky */ = {isa = PBXFileReference; fileEncoding = 4; lastKnownFileType = text; path = SparseCholesky; sourceTree = "<group>"; };
		C11E322620C857A300A343E3 /* SparseLU */ = {isa = PBXFileReference; fileEncoding = 4; lastKnownFileType = text; path = SparseLU; sourceTree = "<group>"; };
		C11E322720C857A300A343E3 /* Eigen */ = {isa = PBXFileReference; fileEncoding = 4; lastKnownFileType = text; path = Eigen; sourceTree = "<group>"; };
		C11E322820C857A400A343E3 /* PardisoSupport */ = {isa = PBXFileReference; fileEncoding = 4; lastKnownFileType = text; path = PardisoSupport; sourceTree = "<group>"; };
/* End PBXFileReference section */

/* Begin PBXFrameworksBuildPhase section */
		C11E31FF20C8576800A343E3 /* Frameworks */ = {
			isa = PBXFrameworksBuildPhase;
			buildActionMask = 2147483647;
			files = (
			);
			runOnlyForDeploymentPostprocessing = 0;
		};
/* End PBXFrameworksBuildPhase section */

/* Begin PBXGroup section */
		C11E31F920C8576800A343E3 = {
			isa = PBXGroup;
			children = (
				C11E320420C8576800A343E3 /* EigenExamples */,
				C11E320320C8576800A343E3 /* Products */,
			);
			sourceTree = "<group>";
		};
		C11E320320C8576800A343E3 /* Products */ = {
			isa = PBXGroup;
			children = (
				C11E320220C8576800A343E3 /* EigenExamples */,
			);
			name = Products;
			sourceTree = "<group>";
		};
		C11E320420C8576800A343E3 /* EigenExamples */ = {
			isa = PBXGroup;
			children = (
				C11E322A20C857CB00A343E3 /* Eigen */,
				C11E320520C8576800A343E3 /* main.cpp */,
			);
			path = EigenExamples;
			sourceTree = "<group>";
		};
		C11E322A20C857CB00A343E3 /* Eigen */ = {
			isa = PBXGroup;
			children = (
				C11E321D20C857A300A343E3 /* Cholesky */,
				C11E321720C857A200A343E3 /* CholmodSupport */,
				C11E321220C857A200A343E3 /* Core */,
				C11E322220C857A300A343E3 /* Dense */,
				C11E322720C857A300A343E3 /* Eigen */,
				C11E321A20C857A200A343E3 /* Eigenvalues */,
				C11E320D20C857A200A343E3 /* Geometry */,
				C11E321820C857A200A343E3 /* Householder */,
				C11E320C20C857A100A343E3 /* IterativeLinearSolvers */,
				C11E320F20C857A200A343E3 /* Jacobi */,
				C11E321320C857A200A343E3 /* LU */,
				C11E321420C857A200A343E3 /* MetisSupport */,
				C11E321020C857A200A343E3 /* OrderingMethods */,
				C11E322820C857A400A343E3 /* PardisoSupport */,
				C11E322420C857A300A343E3 /* PaStiXSupport */,
				C11E321F20C857A300A343E3 /* QR */,
				C11E322320C857A300A343E3 /* QtAlignedMalloc */,
				C11E321B20C857A200A343E3 /* Sparse */,
				C11E322520C857A300A343E3 /* SparseCholesky */,
				C11E320E20C857A200A343E3 /* SparseCore */,
				C11E322620C857A300A343E3 /* SparseLU */,
				C11E321C20C857A300A343E3 /* SparseQR */,
				C11E321520C857A200A343E3 /* SPQRSupport */,
				C11E321E20C857A300A343E3 /* StdDeque */,
				C11E321120C857A200A343E3 /* StdList */,
				C11E322020C857A300A343E3 /* StdVector */,
				C11E321920C857A200A343E3 /* SuperLUSupport */,
				C11E322120C857A300A343E3 /* SVD */,
				C11E321620C857A200A343E3 /* UmfPackSupport */,
			);
			path = Eigen;
			sourceTree = "<group>";
		};
/* End PBXGroup section */

/* Begin PBXNativeTarget section */
		C11E320120C8576800A343E3 /* EigenExamples */ = {
			isa = PBXNativeTarget;
			buildConfigurationList = C11E320920C8576800A343E3 /* Build configuration list for PBXNativeTarget "EigenExamples" */;
			buildPhases = (
				C11E31FE20C8576800A343E3 /* Sources */,
				C11E31FF20C8576800A343E3 /* Frameworks */,
				C11E320020C8576800A343E3 /* CopyFiles */,
			);
			buildRules = (
			);
			dependencies = (
			);
			name = EigenExamples;
			productName = EigenExamples;
			productReference = C11E320220C8576800A343E3 /* EigenExamples */;
			productType = "com.apple.product-type.tool";
		};
/* End PBXNativeTarget section */

/* Begin PBXProject section */
		C11E31FA20C8576800A343E3 /* Project object */ = {
			isa = PBXProject;
			attributes = {
				LastUpgradeCheck = 0930;
				ORGANIZATIONNAME = "Murat Koptur";
				TargetAttributes = {
					C11E320120C8576800A343E3 = {
						CreatedOnToolsVersion = 9.3.1;
					};
				};
			};
			buildConfigurationList = C11E31FD20C8576800A343E3 /* Build configuration list for PBXProject "EigenExamples" */;
			compatibilityVersion = "Xcode 9.3";
			developmentRegion = en;
			hasScannedForEncodings = 0;
			knownRegions = (
				en,
			);
			mainGroup = C11E31F920C8576800A343E3;
			productRefGroup = C11E320320C8576800A343E3 /* Products */;
			projectDirPath = "";
			projectRoot = "";
			targets = (
				C11E320120C8576800A343E3 /* EigenExamples */,
			);
		};
/* End PBXProject section */

/* Begin PBXSourcesBuildPhase section */
		C11E31FE20C8576800A343E3 /* Sources */ = {
			isa = PBXSourcesBuildPhase;
			buildActionMask = 2147483647;
			files = (
				C11E320620C8576800A343E3 /* main.cpp in Sources */,
			);
			runOnlyForDeploymentPostprocessing = 0;
		};
/* End PBXSourcesBuildPhase section */

/* Begin XCBuildConfiguration section */
		C11E320720C8576800A343E3 /* Debug */ = {
			isa = XCBuildConfiguration;
			buildSettings = {
				ALWAYS_SEARCH_USER_PATHS = NO;
				CLANG_ANALYZER_NONNULL = YES;
				CLANG_ANALYZER_NUMBER_OBJECT_CONVERSION = YES_AGGRESSIVE;
				CLANG_CXX_LANGUAGE_STANDARD = "gnu++14";
				CLANG_CXX_LIBRARY = "libc++";
				CLANG_ENABLE_MODULES = YES;
				CLANG_ENABLE_OBJC_ARC = YES;
				CLANG_ENABLE_OBJC_WEAK = YES;
				CLANG_WARN_BLOCK_CAPTURE_AUTORELEASING = YES;
				CLANG_WARN_BOOL_CONVERSION = YES;
				CLANG_WARN_COMMA = YES;
				CLANG_WARN_CONSTANT_CONVERSION = YES;
				CLANG_WARN_DEPRECATED_OBJC_IMPLEMENTATIONS = YES;
				CLANG_WARN_DIRECT_OBJC_ISA_USAGE = YES_ERROR;
				CLANG_WARN_DOCUMENTATION_COMMENTS = YES;
				CLANG_WARN_EMPTY_BODY = YES;
				CLANG_WARN_ENUM_CONVERSION = YES;
				CLANG_WARN_INFINITE_RECURSION = YES;
				CLANG_WARN_INT_CONVERSION = YES;
				CLANG_WARN_NON_LITERAL_NULL_CONVERSION = YES;
				CLANG_WARN_OBJC_IMPLICIT_RETAIN_SELF = YES;
				CLANG_WARN_OBJC_LITERAL_CONVERSION = YES;
				CLANG_WARN_OBJC_ROOT_CLASS = YES_ERROR;
				CLANG_WARN_RANGE_LOOP_ANALYSIS = YES;
				CLANG_WARN_STRICT_PROTOTYPES = YES;
				CLANG_WARN_SUSPICIOUS_MOVE = YES;
				CLANG_WARN_UNGUARDED_AVAILABILITY = YES_AGGRESSIVE;
				CLANG_WARN_UNREACHABLE_CODE = YES;
				CLANG_WARN__DUPLICATE_METHOD_MATCH = YES;
				CODE_SIGN_IDENTITY = "Mac Developer";
				COPY_PHASE_STRIP = NO;
				DEBUG_INFORMATION_FORMAT = dwarf;
				ENABLE_STRICT_OBJC_MSGSEND = YES;
				ENABLE_TESTABILITY = YES;
				GCC_C_LANGUAGE_STANDARD = gnu11;
				GCC_DYNAMIC_NO_PIC = NO;
				GCC_NO_COMMON_BLOCKS = YES;
				GCC_OPTIMIZATION_LEVEL = 0;
				GCC_PREPROCESSOR_DEFINITIONS = (
					"DEBUG=1",
					"$(inherited)",
				);
				GCC_WARN_64_TO_32_BIT_CONVERSION = YES;
				GCC_WARN_ABOUT_RETURN_TYPE = YES_ERROR;
				GCC_WARN_UNDECLARED_SELECTOR = YES;
				GCC_WARN_UNINITIALIZED_AUTOS = YES_AGGRESSIVE;
				GCC_WARN_UNUSED_FUNCTION = YES;
				GCC_WARN_UNUSED_VARIABLE = YES;
				MACOSX_DEPLOYMENT_TARGET = 10.13;
				MTL_ENABLE_DEBUG_INFO = YES;
				ONLY_ACTIVE_ARCH = YES;
				SDKROOT = macosx;
			};
			name = Debug;
		};
		C11E320820C8576800A343E3 /* Release */ = {
			isa = XCBuildConfiguration;
			buildSettings = {
				ALWAYS_SEARCH_USER_PATHS = NO;
				CLANG_ANALYZER_NONNULL = YES;
				CLANG_ANALYZER_NUMBER_OBJECT_CONVERSION = YES_AGGRESSIVE;
				CLANG_CXX_LANGUAGE_STANDARD = "gnu++14";
				CLANG_CXX_LIBRARY = "libc++";
				CLANG_ENABLE_MODULES = YES;
				CLANG_ENABLE_OBJC_ARC = YES;
				CLANG_ENABLE_OBJC_WEAK = YES;
				CLANG_WARN_BLOCK_CAPTURE_AUTORELEASING = YES;
				CLANG_WARN_BOOL_CONVERSION = YES;
				CLANG_WARN_COMMA = YES;
				CLANG_WARN_CONSTANT_CONVERSION = YES;
				CLANG_WARN_DEPRECATED_OBJC_IMPLEMENTATIONS = YES;
				CLANG_WARN_DIRECT_OBJC_ISA_USAGE = YES_ERROR;
				CLANG_WARN_DOCUMENTATION_COMMENTS = YES;
				CLANG_WARN_EMPTY_BODY = YES;
				CLANG_WARN_ENUM_CONVERSION = YES;
				CLANG_WARN_INFINITE_RECURSION = YES;
				CLANG_WARN_INT_CONVERSION = YES;
				CLANG_WARN_NON_LITERAL_NULL_CONVERSION = YES;
				CLANG_WARN_OBJC_IMPLICIT_RETAIN_SELF = YES;
				CLANG_WARN_OBJC_LITERAL_CONVERSION = YES;
				CLANG_WARN_OBJC_ROOT_CLASS = YES_ERROR;
				CLANG_WARN_RANGE_LOOP_ANALYSIS = YES;
				CLANG_WARN_STRICT_PROTOTYPES = YES;
				CLANG_WARN_SUSPICIOUS_MOVE = YES;
				CLANG_WARN_UNGUARDED_AVAILABILITY = YES_AGGRESSIVE;
				CLANG_WARN_UNREACHABLE_CODE = YES;
				CLANG_WARN__DUPLICATE_METHOD_MATCH = YES;
				CODE_SIGN_IDENTITY = "Mac Developer";
				COPY_PHASE_STRIP = NO;
				DEBUG_INFORMATION_FORMAT = "dwarf-with-dsym";
				ENABLE_NS_ASSERTIONS = NO;
				ENABLE_STRICT_OBJC_MSGSEND = YES;
				GCC_C_LANGUAGE_STANDARD = gnu11;
				GCC_NO_COMMON_BLOCKS = YES;
				GCC_WARN_64_TO_32_BIT_CONVERSION = YES;
				GCC_WARN_ABOUT_RETURN_TYPE = YES_ERROR;
				GCC_WARN_UNDECLARED_SELECTOR = YES;
				GCC_WARN_UNINITIALIZED_AUTOS = YES_AGGRESSIVE;
				GCC_WARN_UNUSED_FUNCTION = YES;
				GCC_WARN_UNUSED_VARIABLE = YES;
				MACOSX_DEPLOYMENT_TARGET = 10.13;
				MTL_ENABLE_DEBUG_INFO = NO;
				SDKROOT = macosx;
			};
			name = Release;
		};
		C11E320A20C8576800A343E3 /* Debug */ = {
			isa = XCBuildConfiguration;
			buildSettings = {
				CODE_SIGN_IDENTITY = "";
				CODE_SIGN_STYLE = Automatic;
				DEVELOPMENT_TEAM = M947GQGASZ;
				HEADER_SEARCH_PATHS = "\"$(SRCROOT)/EigenExamples/Eigen\"";
				PRODUCT_NAME = "$(TARGET_NAME)";
			};
			name = Debug;
		};
		C11E320B20C8576800A343E3 /* Release */ = {
			isa = XCBuildConfiguration;
			buildSettings = {
				CODE_SIGN_IDENTITY = "";
				CODE_SIGN_STYLE = Automatic;
				DEVELOPMENT_TEAM = M947GQGASZ;
				HEADER_SEARCH_PATHS = "\"$(SRCROOT)/EigenExamples/Eigen\"";
				PRODUCT_NAME = "$(TARGET_NAME)";
			};
			name = Release;
		};
/* End XCBuildConfiguration section */

/* Begin XCConfigurationList section */
		C11E31FD20C8576800A343E3 /* Build configuration list for PBXProject "EigenExamples" */ = {
			isa = XCConfigurationList;
			buildConfigurations = (
				C11E320720C8576800A343E3 /* Debug */,
				C11E320820C8576800A343E3 /* Release */,
			);
			defaultConfigurationIsVisible = 0;
			defaultConfigurationName = Release;
		};
		C11E320920C8576800A343E3 /* Build configuration list for PBXNativeTarget "EigenExamples" */ = {
			isa = XCConfigurationList;
			buildConfigurations = (
				C11E320A20C8576800A343E3 /* Debug */,
				C11E320B20C8576800A343E3 /* Release */,
			);
			defaultConfigurationIsVisible = 0;
			defaultConfigurationName = Release;
		};
/* End XCConfigurationList section */
	};
	rootObject = C11E31FA20C8576800A343E3 /* Project object */;
}
